dependencies:
- name: sidecarInjectorWebhook
  repository: file://../subcharts/sidecarInjectorWebhook
  version: 1.1.0
- name: security
  repository: file://../subcharts/security
  version: 1.1.0
- name: ingress
  repository: file://../subcharts/ingress
  version: 1.1.0
- name: gateways
  repository: file://../subcharts/gateways
  version: 1.1.0
- name: mixer
  repository: file://../subcharts/mixer
  version: 1.1.0
- name: nodeagent
  repository: file://../subcharts/nodeagent
  version: 1.1.0
- name: pilot
  repository: file://../subcharts/pilot
  version: 1.1.0
- name: grafana
  repository: file://../subcharts/grafana
  version: 1.1.0
- name: prometheus
  repository: file://../subcharts/prometheus
  version: 1.1.0
- name: servicegraph
  repository: file://../subcharts/servicegraph
  version: 1.1.0
- name: tracing
  repository: file://../subcharts/tracing
  version: 1.1.0
- name: galley
  repository: file://../subcharts/galley
  version: 1.1.0
- name: kiali
  repository: file://../subcharts/kiali
  version: 1.1.0
- name: certmanager
  repository: file://../subcharts/certmanager
  version: 1.1.0
- name: istio-cni
  repository: https://raw.githubusercontent.com/istio/istio.io/master/static/charts
  version: 0.1.0
digest: sha256:3a24cbc4a2607c3b294305323c85be281131173dc428085dcec698706e93a977
generated: 2018-10-31T10:00:51.021998476-07:00
