# This file is autogenerated, do not edit; changes may be undone by the next 'dep ensure'.


[[projects]]
  name = "cloud.google.com/go"
  packages = ["compute/metadata"]
  revision = "0f0b8420cb699ac4ce059c63bac263f4301fe95b"
  version = "v0.12.0"

[[projects]]
  name = "github.com/PuerkitoBio/purell"
  packages = ["."]
  revision = "0bcb03f4b4d0a9428594752bd2a3b9aa0a9d4bd4"
  version = "v1.1.0"

[[projects]]
  branch = "master"
  name = "github.com/PuerkitoBio/urlesc"
  packages = ["."]
  revision = "de5bf2ad457846296e2031421a34e2568e304e35"

[[projects]]
  name = "github.com/cpuguy83/go-md2man"
  packages = ["md2man"]
  revision = "1d903dcb749992f3741d744c0f8376b4bd7eb3e1"
  version = "v1.0.7"

[[projects]]
  name = "github.com/davecgh/go-spew"
  packages = ["spew"]
  revision = "346938d642f2ec3594ed81d874461961cd0faa76"
  version = "v1.1.0"

[[projects]]
  name = "github.com/emicklei/go-restful"
  packages = [".","log"]
  revision = "68c9750c36bb8cb433f1b88c807b4b30df4acc40"
  version = "v2.2.1"

[[projects]]
  name = "github.com/emicklei/go-restful-swagger12"
  packages = ["."]
  revision = "dcef7f55730566d41eae5db10e7d6981829720f6"
  version = "1.0.1"

[[projects]]
  name = "github.com/ghodss/yaml"
  packages = ["."]
  revision = "0ca9ea5df5451ffdf184b4428c902747c2c11cd7"
  version = "v1.0.0"

[[projects]]
  branch = "master"
  name = "github.com/go-openapi/jsonpointer"
  packages = ["."]
  revision = "779f45308c19820f1a69e9a4cd965f496e0da10f"

[[projects]]
  branch = "master"
  name = "github.com/go-openapi/jsonreference"
  packages = ["."]
  revision = "36d33bfe519efae5632669801b180bf1a245da3b"

[[projects]]
  branch = "master"
  name = "github.com/go-openapi/spec"
  packages = ["."]
  revision = "3faa0055dbbf2110abc1f3b4e3adbb22721e96e7"

[[projects]]
  branch = "master"
  name = "github.com/go-openapi/swag"
  packages = ["."]
  revision = "f3f9494671f93fcff853e3c6e9e948b3eb71e590"

[[projects]]
  name = "github.com/gogo/protobuf"
  packages = ["proto","sortkeys"]
  revision = "100ba4e885062801d56799d78530b73b178a78f3"
  version = "v0.4"

[[projects]]
  branch = "master"
  name = "github.com/golang/glog"
  packages = ["."]
  revision = "23def4e6c14b4da8ac2ed8007337bc5eb5007998"

[[projects]]
  branch = "master"
  name = "github.com/golang/groupcache"
  packages = ["lru"]
  revision = "b710c8433bd175204919eb38776e944233235d03"

[[projects]]
  branch = "master"
  name = "github.com/golang/protobuf"
  packages = ["jsonpb","proto","ptypes","ptypes/any","ptypes/duration","ptypes/struct","ptypes/timestamp","ptypes/wrappers"]
  revision = "83cd65fc365ace80eb6b6ecfc45203e43edfbc70"

[[projects]]
  branch = "master"
  name = "github.com/golang/sync"
  packages = ["errgroup"]
  revision = "f52d1811a62927559de87708c8913c1650ce4f26"

[[projects]]
  branch = "master"
  name = "github.com/google/gofuzz"
  packages = ["."]
  revision = "24818f796faf91cd76ec7bddd72458fbced7a6c1"

[[projects]]
  branch = "master"
  name = "github.com/googleapis/gnostic"
  packages = ["OpenAPIv2","compiler","extensions"]
  revision = "0919c0e45c2684446b7cc76376ee79f4a95d1500"

[[projects]]
  name = "github.com/gorilla/websocket"
  packages = ["."]
  revision = "ea4d1f681babbce9545c9c5f3d5194a789c89f5b"
  version = "v1.2.0"

[[projects]]
  name = "github.com/hashicorp/consul"
  packages = ["api"]
  revision = "75ca2cace08e38de8af1731ee8614d0533d5a4d4"
  version = "v0.9.2"

[[projects]]
  branch = "master"
  name = "github.com/hashicorp/errwrap"
  packages = ["."]
  revision = "7554cd9344cec97297fa6649b055a8c98c2a1e55"

[[projects]]
  branch = "master"
  name = "github.com/hashicorp/go-cleanhttp"
  packages = ["."]
  revision = "3573b8b52aa7b37b9358d966a898feb387f62437"

[[projects]]
  branch = "master"
  name = "github.com/hashicorp/go-multierror"
  packages = ["."]
  revision = "83588e72410abfbe4df460eeb6f30841ae47d4c4"

[[projects]]
  branch = "master"
  name = "github.com/hashicorp/go-rootcerts"
  packages = ["."]
  revision = "6bb64b370b90e7ef1fa532be9e591a81c3493e00"

[[projects]]
  branch = "master"
  name = "github.com/hashicorp/golang-lru"
  packages = [".","simplelru"]
  revision = "0a025b7e63adc15a622f29b0b2c4c3848243bbf6"

[[projects]]
  name = "github.com/hashicorp/serf"
  packages = ["coordinate"]
  revision = "d6574a5bb1226678d7010325fb6c985db20ee458"
  version = "v0.8.1"

[[projects]]
  name = "github.com/howeyc/fsnotify"
  packages = ["."]
  revision = "441bbc86b167f3c1f4786afae9931403b99fdacf"
  version = "v0.9.0"

[[projects]]
  branch = "master"
  name = "github.com/howeyc/gopass"
  packages = ["."]
  revision = "bf9dde6d0d2c004a008c27aaee91170c786f6db8"

[[projects]]
  name = "github.com/imdario/mergo"
  packages = ["."]
  revision = "3e95a51e0639b4cf372f2ccf74c86749d747fbdc"
  version = "0.2.2"

[[projects]]
  name = "github.com/inconshreveable/mousetrap"
  packages = ["."]
  revision = "76626ae9c91c4f2a10f34cad8ce83ea42c93bb75"
  version = "v1.0"

[[projects]]
  branch = "master"
  name = "github.com/juju/ratelimit"
  packages = ["."]
  revision = "5b9ff866471762aa2ab2dced63c9fb6f53921342"

[[projects]]
  branch = "master"
  name = "github.com/mailru/easyjson"
  packages = ["buffer","jlexer","jwriter"]
  revision = "3b3bbef4e2d9a6f24d7ee73a894afbc064f0e057"

[[projects]]
  branch = "master"
  name = "github.com/mitchellh/go-homedir"
  packages = ["."]
  revision = "b8bc1bf767474819792c23f32d8286a45736f1c6"

[[projects]]
  name = "github.com/pkg/errors"
  packages = ["."]
  revision = "645ef00459ed84a119197bfb8d8205042c6df63d"
  version = "v0.8.0"

[[projects]]
  name = "github.com/pmezard/go-difflib"
  packages = ["difflib"]
  revision = "792786c7400a136282c1664665ae0a8db921c6c2"
  version = "v1.0.0"

[[projects]]
  name = "github.com/russross/blackfriday"
  packages = ["."]
  revision = "4048872b16cc0fc2c5fd9eacf0ed2c2fedaa0c8c"
  version = "v1.5"

[[projects]]
  name = "github.com/satori/go.uuid"
  packages = ["."]
  revision = "879c5887cd475cd7864858769793b2ceb0d44feb"
  version = "v1.1.0"

[[projects]]
  branch = "master"
  name = "github.com/spf13/cobra"
  packages = [".","doc"]
  revision = "2df9a531813370438a4d79bfc33e21f58063ed87"

[[projects]]
  name = "github.com/spf13/pflag"
  packages = ["."]
  revision = "e57e3eeb33f795204c1ca35f56c44f83227c6e66"
  version = "v1.0.0"

[[projects]]
  branch = "master"
  name = "github.com/ugorji/go"
  packages = ["codec"]
  revision = "8c0409fcbb70099c748d71f714529204975f6c3f"

[[projects]]
  branch = "master"
  name = "golang.org/x/crypto"
  packages = ["ssh/terminal"]
  revision = "81e90905daefcd6fd217b62423c0908922eadb30"

[[projects]]
  branch = "master"
  name = "golang.org/x/net"
  packages = ["context","context/ctxhttp","http2","http2/hpack","idna","internal/timeseries","lex/httplex","trace"]
  revision = "66aacef3dd8a676686c7ae3716979581e8b03c47"

[[projects]]
  branch = "master"
  name = "golang.org/x/oauth2"
  packages = [".","google","internal","jws","jwt"]
  revision = "9a379c6b3e95a790ffc43293c2a78dee0d7b6e20"

[[projects]]
  branch = "master"
  name = "golang.org/x/sys"
  packages = ["unix","windows"]
  revision = "bb24a47a89eac6c1227fbcb2ae37a8b9ed323366"

[[projects]]
  branch = "master"
  name = "golang.org/x/text"
  packages = ["internal/gen","internal/triegen","internal/ucd","secure/bidirule","transform","unicode/bidi","unicode/cldr","unicode/norm","unicode/rangetable","width"]
  revision = "e113a52b01bdd1744681b6ce70c2e3d26b58d389"

[[projects]]
  branch = "master"
  name = "golang.org/x/time"
  packages = ["rate"]
  revision = "8be79e1e0910c292df4e79c241bb7e8f7e725959"

[[projects]]
  name = "google.golang.org/appengine"
  packages = [".","internal","internal/app_identity","internal/base","internal/datastore","internal/log","internal/modules","internal/remote_api","internal/urlfetch","urlfetch"]
  revision = "150dc57a1b433e64154302bdc40b6bb8aefa313a"
  version = "v1.0.0"

[[projects]]
  branch = "master"
  name = "google.golang.org/genproto"
  packages = ["googleapis/rpc/status"]
  revision = "11c7f9e547da6db876260ce49ea7536985904c9b"

[[projects]]
  name = "google.golang.org/grpc"
  packages = [".","codes","connectivity","credentials","grpclb/grpc_lb_v1/messages","grpclog","internal","keepalive","metadata","naming","peer","stats","status","tap","transport"]
  revision = "f92cdcd7dcdc69e81b2d7b338479a19a8723cfa3"

[[projects]]
  name = "gopkg.in/inf.v0"
  packages = ["."]
  revision = "3887ee99ecf07df5b447e9b00d9c0b2adaa9f3e4"
  version = "v0.9.0"

[[projects]]
  branch = "v2"
  name = "gopkg.in/yaml.v2"
  packages = ["."]
  revision = "eb3733d160e74a9c7e442f435eb3bea458e1d19f"

[[projects]]
  name = "istio.io/api"
  packages = ["proxy/v1/config"]
  revision = "294c66b5a4cb533a03262a9ff04a7efda5a31daa"

[[projects]]
  branch = "master"
  name = "k8s.io/api"
  packages = ["admission/v1alpha1","admissionregistration/v1alpha1","apps/v1beta1","authentication/v1","authentication/v1beta1","authorization/v1","authorization/v1beta1","autoscaling/v1","autoscaling/v2alpha1","batch/v1","batch/v2alpha1","certificates/v1beta1","core/v1","extensions/v1beta1","networking/v1","policy/v1beta1","rbac/v1alpha1","rbac/v1beta1","settings/v1alpha1","storage/v1","storage/v1beta1"]
  revision = "c0bcfdc3597be1a899c9f0b4e3d1b2e023b5148f"

[[projects]]
  branch = "master"
  name = "k8s.io/apiextensions-apiserver"
  packages = ["pkg/apis/apiextensions","pkg/apis/apiextensions/v1beta1","pkg/client/clientset/clientset","pkg/client/clientset/clientset/scheme","pkg/client/clientset/clientset/typed/apiextensions/v1beta1"]
  revision = "79ecda8df91cd9304503d6f3e488341eabe2287f"

[[projects]]
  branch = "master"
  name = "k8s.io/apimachinery"
  packages = ["pkg/api/equality","pkg/api/errors","pkg/api/meta","pkg/api/resource","pkg/apimachinery","pkg/apimachinery/announced","pkg/apimachinery/registered","pkg/apis/meta/v1","pkg/apis/meta/v1/unstructured","pkg/apis/meta/v1alpha1","pkg/conversion","pkg/conversion/queryparams","pkg/conversion/unstructured","pkg/fields","pkg/labels","pkg/openapi","pkg/runtime","pkg/runtime/schema","pkg/runtime/serializer","pkg/runtime/serializer/json","pkg/runtime/serializer/protobuf","pkg/runtime/serializer/recognizer","pkg/runtime/serializer/streaming","pkg/runtime/serializer/versioning","pkg/selection","pkg/types","pkg/util/cache","pkg/util/clock","pkg/util/diff","pkg/util/errors","pkg/util/framer","pkg/util/intstr","pkg/util/json","pkg/util/mergepatch","pkg/util/net","pkg/util/runtime","pkg/util/sets","pkg/util/strategicpatch","pkg/util/validation","pkg/util/validation/field","pkg/util/wait","pkg/util/yaml","pkg/version","pkg/watch","third_party/forked/golang/json","third_party/forked/golang/reflect"]
  revision = "dc1f89aff9a7509782bde3b68824c8043a3e58cc"

[[projects]]
  branch = "master"
  name = "k8s.io/apiserver"
  packages = ["pkg/admission","pkg/apis/apiserver","pkg/apis/apiserver/install","pkg/apis/apiserver/v1alpha1","pkg/authentication/user"]
  revision = "7001bc4df8883d4a0ec84cd4b2117655a0009b6c"

[[projects]]
  name = "k8s.io/client-go"
  packages = ["discovery","discovery/fake","dynamic","kubernetes","kubernetes/fake","kubernetes/scheme","kubernetes/typed/admissionregistration/v1alpha1","kubernetes/typed/admissionregistration/v1alpha1/fake","kubernetes/typed/apps/v1beta1","kubernetes/typed/apps/v1beta1/fake","kubernetes/typed/authentication/v1","kubernetes/typed/authentication/v1/fake","kubernetes/typed/authentication/v1beta1","kubernetes/typed/authentication/v1beta1/fake","kubernetes/typed/authorization/v1","kubernetes/typed/authorization/v1/fake","kubernetes/typed/authorization/v1beta1","kubernetes/typed/authorization/v1beta1/fake","kubernetes/typed/autoscaling/v1","kubernetes/typed/autoscaling/v1/fake","kubernetes/typed/autoscaling/v2alpha1","kubernetes/typed/autoscaling/v2alpha1/fake","kubernetes/typed/batch/v1","kubernetes/typed/batch/v1/fake","kubernetes/typed/batch/v2alpha1","kubernetes/typed/batch/v2alpha1/fake","kubernetes/typed/certificates/v1beta1","kubernetes/typed/certificates/v1beta1/fake","kubernetes/typed/core/v1","kubernetes/typed/core/v1/fake","kubernetes/typed/extensions/v1beta1","kubernetes/typed/extensions/v1beta1/fake","kubernetes/typed/networking/v1","kubernetes/typed/networking/v1/fake","kubernetes/typed/policy/v1beta1","kubernetes/typed/policy/v1beta1/fake","kubernetes/typed/rbac/v1alpha1","kubernetes/typed/rbac/v1alpha1/fake","kubernetes/typed/rbac/v1beta1","kubernetes/typed/rbac/v1beta1/fake","kubernetes/typed/settings/v1alpha1","kubernetes/typed/settings/v1alpha1/fake","kubernetes/typed/storage/v1","kubernetes/typed/storage/v1/fake","kubernetes/typed/storage/v1beta1","kubernetes/typed/storage/v1beta1/fake","pkg/api/v1/ref","pkg/version","plugin/pkg/client/auth/gcp","plugin/pkg/client/auth/oidc","rest","rest/watch","testing","third_party/forked/golang/template","tools/auth","tools/cache","tools/clientcmd","tools/clientcmd/api","tools/clientcmd/api/latest","tools/clientcmd/api/v1","tools/leaderelection","tools/leaderelection/resourcelock","tools/metrics","tools/record","transport","util/cert","util/flowcontrol","util/homedir","util/integer","util/jsonpath","util/workqueue"]
  revision = "7c69e980210777a6292351ac6873de083526f08e"

[[projects]]
  name = "k8s.io/ingress"
  packages = ["core/pkg/ingress/annotations/class","core/pkg/ingress/annotations/parser","core/pkg/ingress/errors","core/pkg/ingress/status","core/pkg/ingress/store","core/pkg/k8s","core/pkg/strings","core/pkg/task"]
  revision = "0c6f15e372c831de52fcc393932540bb3a6d51b5"

[solve-meta]
  analyzer-name = "dep"
  analyzer-version = 1
  inputs-digest = "f550919166c1c6d03ddb6235c4833853f090c693cabcf22bb1dffd4902bf3c1a"
  solver-name = "gps-cdcl"
  solver-version = 1
