hash: 48de6a55f9f9125bcf8fb614f21b1d3a8ae95d12a773b31213d4b86b5fb5b3a6
updated: 2016-11-28T11:26:35.600105158-08:00
imports:
- name: github.com/golang/glog
  version: 23def4e6c14b4da8ac2ed8007337bc5eb5007998
- name: github.com/golang/protobuf
  version: 4bd1920723d7b7c925de087aa32e2187708897f7
  subpackages:
  - proto
  - ptypes/any
  - ptypes/struct
  - ptypes/timestamp
  - ptypes/wrappers
- name: github.com/google/protobuf
  version: 39f9b43219bc5718b659ed72a2130a7b2ce66108
- name: github.com/googleapis/googleapis
  version: 1e43683baaf049720b4bd5e2995304c430c749bd
- name: golang.org/x/net
  version: 4971afdc2f162e82d185353533d3cf16188a9f4e
  subpackages:
  - context
  - http2
  - trace
  - http2/hpack
  - idna
  - lex/httplex
  - internal/timeseries
- name: google.golang.org/genproto
  version: f3350869260a1e80675c8d0e42f1f3a870db2b74
  subpackages:
  - googleapis/rpc/status
  - googleapis/rpc/code
- name: google.golang.org/grpc
  version: eca2ad68af4d7bf894ada6bd263133f069a441d5
  subpackages:
  - credentials
  - codes
  - grpclog
  - internal
  - metadata
  - naming
  - stats
  - tap
  - transport
  - peer
- name: gopkg.in/yaml.v2
  version: a5b47d31c556af34a302ce5d659e6fea44d90de0
testImports: []
