hash: e656a3c4d739d645abd37e646e6aaac61cf01675397448f022004a266c30a3bf
updated: 2016-12-09T18:40:50.158839884-08:00
imports:
- name: github.com/golang/glog
  version: 23def4e6c14b4da8ac2ed8007337bc5eb5007998
- name: github.com/golang/protobuf
  version: 8ee79997227bf9b34611aee7946ae64735e6fd93
  subpackages:
  - proto
  - ptypes/any
  - ptypes/struct
  - ptypes/timestamp
  - ptypes/wrappers
- name: github.com/google/protobuf
  version: 277a8b65805aceeefc1764947616430994e05bdf
- name: github.com/googleapis/googleapis
  version: 15282fdb98e08a2c4345e2a6649b2b09df86f5da
- name: github.com/inconshreveable/mousetrap
  version: 76626ae9c91c4f2a10f34cad8ce83ea42c93bb75
- name: github.com/spf13/cobra
  version: 9495bc009a56819bdb0ddbc1a373e29c140bc674
  subpackages:
  - cobra
- name: github.com/spf13/pflag
  version: 5ccb023bc27df288a957c5e994cd44fd19619465
- name: golang.org/x/net
  version: b1a2d6e8c8b5fc8f601ead62536f02a8e1b6217d
  subpackages:
  - context
  - http2
  - trace
  - http2/hpack
  - idna
  - lex/httplex
  - internal/timeseries
- name: google.golang.org/genproto
  version: 08f135d1a31b6ba454287638a3ce23a55adace6f
  subpackages:
  - googleapis/rpc/code
  - googleapis/rpc/status
- name: google.golang.org/grpc
  version: 8712952b7d646dbbbc6fb73a782174f3115060f3
  subpackages:
  - credentials
  - codes
  - grpclog
  - internal
  - metadata
  - naming
  - stats
  - tap
  - transport
  - peer
- name: gopkg.in/yaml.v2
  version: a5b47d31c556af34a302ce5d659e6fea44d90de0
testImports: []
