dependencies:
- name: sidecarInjectorWebhook
  repository: file://../subcharts/sidecarInjectorWebhook
  version: 1.1.0
- name: security
  repository: file://../subcharts/security
  version: 1.1.0
- name: ingress
  repository: file://../subcharts/ingress
  version: 1.1.0
- name: gateways
  repository: file://../subcharts/gateways
  version: 1.1.0
- name: mixer
  repository: file://../subcharts/mixer
  version: 1.1.0
- name: nodeagent
  repository: file://../subcharts/nodeagent
  version: 1.1.0
- name: pilot
  repository: file://../subcharts/pilot
  version: 1.1.0
- name: grafana
  repository: file://../subcharts/grafana
  version: 1.1.0
- name: prometheus
  repository: file://../subcharts/prometheus
  version: 1.1.0
- name: servicegraph
  repository: file://../subcharts/servicegraph
  version: 1.1.0
- name: tracing
  repository: file://../subcharts/tracing
  version: 1.1.0
- name: galley
  repository: file://../subcharts/galley
  version: 1.1.0
- name: kiali
  repository: file://../subcharts/kiali
  version: 1.1.0
- name: istiocoredns
  repository: file://../subcharts/istiocoredns
  version: 1.1.0
- name: certmanager
  repository: file://../subcharts/certmanager
  version: 1.1.0
- name: istio-cni
  repository: https://storage.googleapis.com/istio-prerelease/daily-build/release-1.1-latest-daily/charts
  version: 0.1.0
digest: sha256:c2618c3dcd38571c73c0eb4e4b36ef48b34c039a256839b642d6a4664073822e
generated: 2019-01-23T11:01:38.050401-05:00
