# Generated by buf. DO NOT EDIT.
version: v1
deps:
  - remote: buf.build
    owner: k8s
    repository: api
    commit: 8f68e41b943c4de8a5e9c9a921c889a7
    digest: shake256:38ab77d24cf737d1204719a0ffc654056c29499f26b1546cc5af9ddb34e33799930d79d1f5a4a04b0f5c149097eabbeed37a5d2abf9552169a7d52011f6a8d6f
