github.com/davecgh/go-spew v1.1.1/go.mod h1:J7Y8YcW2NihsgmVo/mv3lAwl/skON4iLHjSsI+c5H38=
github.com/emicklei/proto v1.9.1 h1:MUgjFo5xlMwYv72TnF5xmmdKZ04u+dVbv6wdARv16D8=
github.com/emicklei/proto v1.9.1/go.mod h1:rn1FgRS/FANiZdD2djyH7TMA9jdRDcYQ9IEN9yvjX0A=
github.com/nilslice/protolock v0.17.0 h1:sYvcukABl62tZX77H6NuV+jtlwTIfQbn0ln0ixTqr4A=
github.com/nilslice/protolock v0.17.0/go.mod h1:DYFqop7QlHjmBCaJKfcVO1Mw5b8JejJZgMvmFng/N9Y=
github.com/pmezard/go-difflib v1.0.0/go.mod h1:iKH77koFhYxTK1pcRnkKkqfTogsbg7gZNVY4sRDYZ/4=
github.com/stretchr/testify v1.2.2/go.mod h1:a8OnRcib4nhh0OaRAV+Yts87kKdq0PP7pXfy6kDkUVs=
